
Microsoft Visual Studio Solution File, Format Version 12.00
# Visual Studio Version 16
VisualStudioVersion = 16.0.30114.105
MinimumVisualStudioVersion = 10.0.40219.1
Project("{FAE04EC0-301F-11D3-BF4B-00C04F79EFBC}") = "PGS4NET", "PGS4NET\PGS4NET.csproj", "{D5A279E5-7286-4E23-A8E9-E7DD15B05C54}"
EndProject
Project("{FAE04EC0-301F-11D3-BF4B-00C04F79EFBC}") = "PGS4NET.Examples.SegmentDump", "PGS4NET.Examples.SegmentDump\PGS4NET.Examples.SegmentDump.csproj", "{0BCF3C72-C966-4944-AF0B-C97D91F4F9E0}"
EndProject
Project("{FAE04EC0-301F-11D3-BF4B-00C04F79EFBC}") = "PGS4NET.Examples.DisplaySetDump", "PGS4NET.Examples.DisplaySetDump\PGS4NET.Examples.DisplaySetDump.csproj", "{D6B146CA-24BD-4942-A4CD-67888FD858B1}"
EndProject
Project("{FAE04EC0-301F-11D3-BF4B-00C04F79EFBC}") = "PGS4NET.Tests", "PGS4NET.Tests\PGS4NET.Tests.csproj", "{14DB024E-99D6-4594-89E4-0AF7AFD7A7BC}"
EndProject
Global
	GlobalSection(SolutionConfigurationPlatforms) = preSolution
		Debug|Any CPU = Debug|Any CPU
		Release|Any CPU = Release|Any CPU
	EndGlobalSection
	GlobalSection(SolutionProperties) = preSolution
		HideSolutionNode = FALSE
	EndGlobalSection
	GlobalSection(ProjectConfigurationPlatforms) = postSolution
		{D5A279E5-7286-4E23-A8E9-E7DD15B05C54}.Debug|Any CPU.ActiveCfg = Debug|Any CPU
		{D5A279E5-7286-4E23-A8E9-E7DD15B05C54}.Debug|Any CPU.Build.0 = Debug|Any CPU
		{D5A279E5-7286-4E23-A8E9-E7DD15B05C54}.Release|Any CPU.ActiveCfg = Release|Any CPU
		{D5A279E5-7286-4E23-A8E9-E7DD15B05C54}.Release|Any CPU.Build.0 = Release|Any CPU
		{0BCF3C72-C966-4944-AF0B-C97D91F4F9E0}.Debug|Any CPU.ActiveCfg = Debug|Any CPU
		{0BCF3C72-C966-4944-AF0B-C97D91F4F9E0}.Debug|Any CPU.Build.0 = Debug|Any CPU
		{0BCF3C72-C966-4944-AF0B-C97D91F4F9E0}.Release|Any CPU.ActiveCfg = Release|Any CPU
		{0BCF3C72-C966-4944-AF0B-C97D91F4F9E0}.Release|Any CPU.Build.0 = Release|Any CPU
		{D6B146CA-24BD-4942-A4CD-67888FD858B1}.Debug|Any CPU.ActiveCfg = Debug|Any CPU
		{D6B146CA-24BD-4942-A4CD-67888FD858B1}.Debug|Any CPU.Build.0 = Debug|Any CPU
		{D6B146CA-24BD-4942-A4CD-67888FD858B1}.Release|Any CPU.ActiveCfg = Release|Any CPU
		{D6B146CA-24BD-4942-A4CD-67888FD858B1}.Release|Any CPU.Build.0 = Release|Any CPU
		{14DB024E-99D6-4594-89E4-0AF7AFD7A7BC}.Debug|Any CPU.ActiveCfg = Debug|Any CPU
		{14DB024E-99D6-4594-89E4-0AF7AFD7A7BC}.Debug|Any CPU.Build.0 = Debug|Any CPU
		{14DB024E-99D6-4594-89E4-0AF7AFD7A7BC}.Release|Any CPU.ActiveCfg = Release|Any CPU
		{14DB024E-99D6-4594-89E4-0AF7AFD7A7BC}.Release|Any CPU.Build.0 = Release|Any CPU
	EndGlobalSection
EndGlobal
